
Microsoft Visual Studio Solution File, Format Version 12.00
# Visual Studio Version 16
VisualStudioVersion = 16.0.31105.61
MinimumVisualStudioVersion = 10.0.40219.1
Project("{FAE04EC0-301F-11D3-BF4B-00C04F79EFBC}") = "HelloAspNet", "DevHelloAspNet\HelloAspNet.csproj", "{9EC043FB-F01C-4733-995F-1630770D94C3}"
EndProject
Project("{FAE04EC0-301F-11D3-BF4B-00C04F79EFBC}") = "HelloAspNet.Tests", "DevHelloAspNet.Tests\HelloAspNet.Tests.csproj", "{57CFA60F-516B-44CB-A7EF-22D5F249476D}"
EndProject
Project("{FAE04EC0-301F-11D3-BF4B-00C04F79EFBC}") = "FirstWebApp", "FirstWebApp\FirstWebApp.csproj", "{C58DC4BF-CE4A-4007-9889-6EE1C929DDDF}"
EndProject
Project("{FAE04EC0-301F-11D3-BF4B-00C04F79EFBC}") = "ValidationWebApp", "ValidationWebApp\ValidationWebApp.csproj", "{F8A0F51B-1514-49F0-8144-031E7D12A7BB}"
EndProject
Project("{FAE04EC0-301F-11D3-BF4B-00C04F79EFBC}") = "TemplateWebApp", "TemplateWebApp\TemplateWebApp.csproj", "{905DF468-54D7-4D57-BA5B-04A7E89FF63D}"
EndProject
Project("{FAE04EC0-301F-11D3-BF4B-00C04F79EFBC}") = "StateMngWebApp", "StateMngWebApp\StateMngWebApp.csproj", "{DBDDDE47-E85E-4846-9EF7-6888AD7B6335}"
EndProject
Project("{FAE04EC0-301F-11D3-BF4B-00C04F79EFBC}") = "DbHandlingWebApp", "DbHandlingWebApp\DbHandlingWebApp.csproj", "{5F6E7DFE-22B2-4CD9-BCF2-093739CE093B}"
EndProject
Project("{FAE04EC0-301F-11D3-BF4B-00C04F79EFBC}") = "DataControlWebApp", "DataControlWebApp\DataControlWebApp.csproj", "{951E1FEC-ECF3-4746-B934-17FA2B36FFC7}"
EndProject
Project("{FAE04EC0-301F-11D3-BF4B-00C04F79EFBC}") = "LoginWebApp", "LoginWebApp\LoginWebApp.csproj", "{1F05A8C6-8127-4C7E-BB0B-F5A005E1A7A9}"
EndProject
Project("{00D1A9C2-B5F0-4AF3-8072-F6C62B433612}") = "TestDB_Database", "TestDB_Database\TestDB_Database.sqlproj", "{5117EF49-8401-4F12-94EE-F25D4781B1FE}"
EndProject
Global
	GlobalSection(SolutionConfigurationPlatforms) = preSolution
		Debug|Any CPU = Debug|Any CPU
		Release|Any CPU = Release|Any CPU
	EndGlobalSection
	GlobalSection(ProjectConfigurationPlatforms) = postSolution
		{9EC043FB-F01C-4733-995F-1630770D94C3}.Debug|Any CPU.ActiveCfg = Debug|Any CPU
		{9EC043FB-F01C-4733-995F-1630770D94C3}.Debug|Any CPU.Build.0 = Debug|Any CPU
		{9EC043FB-F01C-4733-995F-1630770D94C3}.Release|Any CPU.ActiveCfg = Release|Any CPU
		{9EC043FB-F01C-4733-995F-1630770D94C3}.Release|Any CPU.Build.0 = Release|Any CPU
		{57CFA60F-516B-44CB-A7EF-22D5F249476D}.Debug|Any CPU.ActiveCfg = Debug|Any CPU
		{57CFA60F-516B-44CB-A7EF-22D5F249476D}.Debug|Any CPU.Build.0 = Debug|Any CPU
		{57CFA60F-516B-44CB-A7EF-22D5F249476D}.Release|Any CPU.ActiveCfg = Release|Any CPU
		{57CFA60F-516B-44CB-A7EF-22D5F249476D}.Release|Any CPU.Build.0 = Release|Any CPU
		{C58DC4BF-CE4A-4007-9889-6EE1C929DDDF}.Debug|Any CPU.ActiveCfg = Debug|Any CPU
		{C58DC4BF-CE4A-4007-9889-6EE1C929DDDF}.Debug|Any CPU.Build.0 = Debug|Any CPU
		{C58DC4BF-CE4A-4007-9889-6EE1C929DDDF}.Release|Any CPU.ActiveCfg = Release|Any CPU
		{C58DC4BF-CE4A-4007-9889-6EE1C929DDDF}.Release|Any CPU.Build.0 = Release|Any CPU
		{F8A0F51B-1514-49F0-8144-031E7D12A7BB}.Debug|Any CPU.ActiveCfg = Debug|Any CPU
		{F8A0F51B-1514-49F0-8144-031E7D12A7BB}.Debug|Any CPU.Build.0 = Debug|Any CPU
		{F8A0F51B-1514-49F0-8144-031E7D12A7BB}.Release|Any CPU.ActiveCfg = Release|Any CPU
		{F8A0F51B-1514-49F0-8144-031E7D12A7BB}.Release|Any CPU.Build.0 = Release|Any CPU
		{905DF468-54D7-4D57-BA5B-04A7E89FF63D}.Debug|Any CPU.ActiveCfg = Debug|Any CPU
		{905DF468-54D7-4D57-BA5B-04A7E89FF63D}.Debug|Any CPU.Build.0 = Debug|Any CPU
		{905DF468-54D7-4D57-BA5B-04A7E89FF63D}.Release|Any CPU.ActiveCfg = Release|Any CPU
		{905DF468-54D7-4D57-BA5B-04A7E89FF63D}.Release|Any CPU.Build.0 = Release|Any CPU
		{DBDDDE47-E85E-4846-9EF7-6888AD7B6335}.Debug|Any CPU.ActiveCfg = Debug|Any CPU
		{DBDDDE47-E85E-4846-9EF7-6888AD7B6335}.Debug|Any CPU.Build.0 = Debug|Any CPU
		{DBDDDE47-E85E-4846-9EF7-6888AD7B6335}.Release|Any CPU.ActiveCfg = Release|Any CPU
		{DBDDDE47-E85E-4846-9EF7-6888AD7B6335}.Release|Any CPU.Build.0 = Release|Any CPU
		{5F6E7DFE-22B2-4CD9-BCF2-093739CE093B}.Debug|Any CPU.ActiveCfg = Debug|Any CPU
		{5F6E7DFE-22B2-4CD9-BCF2-093739CE093B}.Debug|Any CPU.Build.0 = Debug|Any CPU
		{5F6E7DFE-22B2-4CD9-BCF2-093739CE093B}.Release|Any CPU.ActiveCfg = Release|Any CPU
		{5F6E7DFE-22B2-4CD9-BCF2-093739CE093B}.Release|Any CPU.Build.0 = Release|Any CPU
		{951E1FEC-ECF3-4746-B934-17FA2B36FFC7}.Debug|Any CPU.ActiveCfg = Debug|Any CPU
		{951E1FEC-ECF3-4746-B934-17FA2B36FFC7}.Debug|Any CPU.Build.0 = Debug|Any CPU
		{951E1FEC-ECF3-4746-B934-17FA2B36FFC7}.Release|Any CPU.ActiveCfg = Release|Any CPU
		{951E1FEC-ECF3-4746-B934-17FA2B36FFC7}.Release|Any CPU.Build.0 = Release|Any CPU
		{1F05A8C6-8127-4C7E-BB0B-F5A005E1A7A9}.Debug|Any CPU.ActiveCfg = Debug|Any CPU
		{1F05A8C6-8127-4C7E-BB0B-F5A005E1A7A9}.Debug|Any CPU.Build.0 = Debug|Any CPU
		{1F05A8C6-8127-4C7E-BB0B-F5A005E1A7A9}.Release|Any CPU.ActiveCfg = Release|Any CPU
		{1F05A8C6-8127-4C7E-BB0B-F5A005E1A7A9}.Release|Any CPU.Build.0 = Release|Any CPU
		{5117EF49-8401-4F12-94EE-F25D4781B1FE}.Debug|Any CPU.ActiveCfg = Debug|Any CPU
		{5117EF49-8401-4F12-94EE-F25D4781B1FE}.Debug|Any CPU.Build.0 = Debug|Any CPU
		{5117EF49-8401-4F12-94EE-F25D4781B1FE}.Debug|Any CPU.Deploy.0 = Debug|Any CPU
		{5117EF49-8401-4F12-94EE-F25D4781B1FE}.Release|Any CPU.ActiveCfg = Release|Any CPU
		{5117EF49-8401-4F12-94EE-F25D4781B1FE}.Release|Any CPU.Build.0 = Release|Any CPU
		{5117EF49-8401-4F12-94EE-F25D4781B1FE}.Release|Any CPU.Deploy.0 = Release|Any CPU
	EndGlobalSection
	GlobalSection(SolutionProperties) = preSolution
		HideSolutionNode = FALSE
	EndGlobalSection
	GlobalSection(ExtensibilityGlobals) = postSolution
		SolutionGuid = {E7ED3C65-0340-4D5A-9F81-CEEBCEDB7120}
	EndGlobalSection
EndGlobal
